
Microsoft Visual Studio Solution File, Format Version 12.00
# Visual Studio 15
VisualStudioVersion = 15.0.27130.2020
MinimumVisualStudioVersion = 10.0.40219.1
Project("{FAE04EC0-301F-11D3-BF4B-00C04F79EFBC}") = "NoLauncherTools", "NoLauncherTools.csproj", "{1E6C8237-8047-4353-93A0-327F0EDBE1B2}"
EndProject
Global
	GlobalSection(SolutionConfigurationPlatforms) = preSolution
		Debug_DifferentWorkDir|Any CPU = Debug_DifferentWorkDir|Any CPU
		Debug_LaunchAssemblyCheck|Any CPU = Debug_LaunchAssemblyCheck|Any CPU
		Debug|Any CPU = Debug|Any CPU
		Release|Any CPU = Release|Any CPU
	EndGlobalSection
	GlobalSection(ProjectConfigurationPlatforms) = postSolution
		{1E6C8237-8047-4353-93A0-327F0EDBE1B2}.Debug_DifferentWorkDir|Any CPU.ActiveCfg = Debug_DifferentWorkDir|Any CPU
		{1E6C8237-8047-4353-93A0-327F0EDBE1B2}.Debug_DifferentWorkDir|Any CPU.Build.0 = Debug_DifferentWorkDir|Any CPU
		{1E6C8237-8047-4353-93A0-327F0EDBE1B2}.Debug_LaunchAssemblyCheck|Any CPU.ActiveCfg = Debug_LaunchAssemblyCheck|x86
		{1E6C8237-8047-4353-93A0-327F0EDBE1B2}.Debug_LaunchAssemblyCheck|Any CPU.Build.0 = Debug_LaunchAssemblyCheck|Any CPU
		{1E6C8237-8047-4353-93A0-327F0EDBE1B2}.Debug|Any CPU.ActiveCfg = Debug|Any CPU
		{1E6C8237-8047-4353-93A0-327F0EDBE1B2}.Debug|Any CPU.Build.0 = Debug|Any CPU
		{1E6C8237-8047-4353-93A0-327F0EDBE1B2}.Release|Any CPU.ActiveCfg = Release|Any CPU
		{1E6C8237-8047-4353-93A0-327F0EDBE1B2}.Release|Any CPU.Build.0 = Release|Any CPU
	EndGlobalSection
	GlobalSection(SolutionProperties) = preSolution
		HideSolutionNode = FALSE
	EndGlobalSection
	GlobalSection(ExtensibilityGlobals) = postSolution
		SolutionGuid = {FC0173CD-8EEF-4E09-BAD6-C57FC7D7FC87}
	EndGlobalSection
EndGlobal
